
Microsoft Visual Studio Solution File, Format Version 12.00
# Visual Studio Version 17
VisualStudioVersion = 17.2.32630.192
MinimumVisualStudioVersion = 10.0.40219.1
Project("{FAE04EC0-301F-11D3-BF4B-00C04F79EFBC}") = "Hints", "Hints\Hints.csproj", "{3A690A4A-E314-4D1F-8C52-F9BCED7226FC}"
EndProject
Global
	GlobalSection(SolutionConfigurationPlatforms) = preSolution
		Debug|Any CPU = Debug|Any CPU
		Release|Any CPU = Release|Any CPU
	EndGlobalSection
	GlobalSection(ProjectConfigurationPlatforms) = postSolution
		{3A690A4A-E314-4D1F-8C52-F9BCED7226FC}.Debug|Any CPU.ActiveCfg = Debug|Any CPU
		{3A690A4A-E314-4D1F-8C52-F9BCED7226FC}.Debug|Any CPU.Build.0 = Debug|Any CPU
		{3A690A4A-E314-4D1F-8C52-F9BCED7226FC}.Release|Any CPU.ActiveCfg = Release|Any CPU
		{3A690A4A-E314-4D1F-8C52-F9BCED7226FC}.Release|Any CPU.Build.0 = Release|Any CPU
	EndGlobalSection
	GlobalSection(SolutionProperties) = preSolution
		HideSolutionNode = FALSE
	EndGlobalSection
	GlobalSection(ExtensibilityGlobals) = postSolution
		SolutionGuid = {0AC99C71-1228-4F89-B2CF-5796B0363DCF}
	EndGlobalSection
EndGlobal
